
Microsoft Visual Studio Solution File, Format Version 12.00
# Visual Studio Version 16
VisualStudioVersion = 16.0.29905.134
MinimumVisualStudioVersion = 10.0.40219.1
Project("{FAE04EC0-301F-11D3-BF4B-00C04F79EFBC}") = "Authentication", "Authentication.csproj", "{7CD0A2BD-40AB-4660-A9EB-DC75395C4654}"
EndProject
Global
	GlobalSection(SolutionConfigurationPlatforms) = preSolution
		Debug|Any CPU = Debug|Any CPU
		Release|Any CPU = Release|Any CPU
	EndGlobalSection
	GlobalSection(ProjectConfigurationPlatforms) = postSolution
		{7CD0A2BD-40AB-4660-A9EB-DC75395C4654}.Debug|Any CPU.ActiveCfg = Debug|Any CPU
		{7CD0A2BD-40AB-4660-A9EB-DC75395C4654}.Debug|Any CPU.Build.0 = Debug|Any CPU
		{7CD0A2BD-40AB-4660-A9EB-DC75395C4654}.Release|Any CPU.ActiveCfg = Release|Any CPU
		{7CD0A2BD-40AB-4660-A9EB-DC75395C4654}.Release|Any CPU.Build.0 = Release|Any CPU
	EndGlobalSection
	GlobalSection(SolutionProperties) = preSolution
		HideSolutionNode = FALSE
	EndGlobalSection
	GlobalSection(ExtensibilityGlobals) = postSolution
		SolutionGuid = {CB8ABF3E-15C9-4104-BCF0-ECDDD7F50844}
	EndGlobalSection
EndGlobal
